
Microsoft Visual Studio Solution File, Format Version 12.00
# Visual Studio 14
VisualStudioVersion = 14.0.24720.0
MinimumVisualStudioVersion = 10.0.40219.1
Project("{2150E333-8FDC-42A3-9474-1A3956D46DE8}") = "src", "src", "{11EB09AE-0344-4BBB-AD90-E658A80F60A2}"
EndProject
Project("{2150E333-8FDC-42A3-9474-1A3956D46DE8}") = "Solution Items", "Solution Items", "{B57E81CA-C712-43AE-A703-87D1A38BF40A}"
	ProjectSection(SolutionItems) = preProject
		global.json = global.json
	EndProjectSection
EndProject
Project("{8BB2217D-0F2D-49D1-97BC-3654ED321F3B}") = "KC", "src\KC\KC.xproj", "{272F9A7A-851E-4675-8CAE-521CAFF51C86}"
EndProject
Project("{2150E333-8FDC-42A3-9474-1A3956D46DE8}") = "PublishScripts", "PublishScripts", "{3215014E-573A-41A6-80B1-8E1A29C077BC}"
EndProject
Project("{2150E333-8FDC-42A3-9474-1A3956D46DE8}") = "Scripts", "Scripts", "{073F20AF-4AC4-4019-B1E2-F924FFE7023A}"
	ProjectSection(SolutionItems) = preProject
		PublishScripts\Scripts\Deploy-AzureResourceGroup.ps1 = PublishScripts\Scripts\Deploy-AzureResourceGroup.ps1
	EndProjectSection
EndProject
Project("{2150E333-8FDC-42A3-9474-1A3956D46DE8}") = "Templates", "Templates", "{BA66E3E0-7348-4EB2-BD60-E1053C9393D1}"
	ProjectSection(SolutionItems) = preProject
		PublishScripts\Templates\KC.json = PublishScripts\Templates\KC.json
		PublishScripts\Templates\KC.param.dev.json = PublishScripts\Templates\KC.param.dev.json
	EndProjectSection
EndProject
Global
	GlobalSection(SolutionConfigurationPlatforms) = preSolution
		Debug|Any CPU = Debug|Any CPU
		Release|Any CPU = Release|Any CPU
	EndGlobalSection
	GlobalSection(ProjectConfigurationPlatforms) = postSolution
		{272F9A7A-851E-4675-8CAE-521CAFF51C86}.Debug|Any CPU.ActiveCfg = Debug|Any CPU
		{272F9A7A-851E-4675-8CAE-521CAFF51C86}.Debug|Any CPU.Build.0 = Debug|Any CPU
		{272F9A7A-851E-4675-8CAE-521CAFF51C86}.Release|Any CPU.ActiveCfg = Release|Any CPU
		{272F9A7A-851E-4675-8CAE-521CAFF51C86}.Release|Any CPU.Build.0 = Release|Any CPU
	EndGlobalSection
	GlobalSection(SolutionProperties) = preSolution
		HideSolutionNode = FALSE
	EndGlobalSection
	GlobalSection(NestedProjects) = preSolution
		{272F9A7A-851E-4675-8CAE-521CAFF51C86} = {11EB09AE-0344-4BBB-AD90-E658A80F60A2}
		{073F20AF-4AC4-4019-B1E2-F924FFE7023A} = {3215014E-573A-41A6-80B1-8E1A29C077BC}
		{BA66E3E0-7348-4EB2-BD60-E1053C9393D1} = {3215014E-573A-41A6-80B1-8E1A29C077BC}
	EndGlobalSection
EndGlobal
